
Microsoft Visual Studio Solution File, Format Version 12.00
Project("{2150E333-8FDC-42A3-9474-1A3956D46DE8}") = "src", "src", "{741C9FBB-8210-44A9-B51B-168DB23F03C8}"
EndProject
Project("{FAE04EC0-301F-11D3-BF4B-00C04F79EFBC}") = "Day1", "src\Day1\Day1.csproj", "{0CD02B65-E1E2-42F2-86B9-A0C055D9CAE7}"
EndProject
Project("{FAE04EC0-301F-11D3-BF4B-00C04F79EFBC}") = "Day2", "src\Day2\Day2.csproj", "{645B6242-8CC9-472E-8361-DDEC1A57803B}"
EndProject
Project("{FAE04EC0-301F-11D3-BF4B-00C04F79EFBC}") = "Day3", "src\Day3\Day3.csproj", "{A6F3D94C-6AE6-4EE5-AC8A-4D074E637FAB}"
EndProject
Project("{FAE04EC0-301F-11D3-BF4B-00C04F79EFBC}") = "Day4", "src\Day4\Day4.csproj", "{17B40616-A79A-4CA6-A978-ACAB0EF8424C}"
EndProject
Project("{FAE04EC0-301F-11D3-BF4B-00C04F79EFBC}") = "Day5", "src\Day5\Day5.csproj", "{8EC770B2-AF7F-47C9-A7BC-CCB88381560A}"
EndProject
Project("{2150E333-8FDC-42A3-9474-1A3956D46DE8}") = "test", "test", "{38CCD572-D0C3-41CA-9F8C-B84235D9C11C}"
EndProject
Project("{FAE04EC0-301F-11D3-BF4B-00C04F79EFBC}") = "AdventTests", "test\AdventTests\AdventTests.csproj", "{5DB3A64B-EBDF-410D-B9E6-E92BED58A3D9}"
EndProject
Global
	GlobalSection(SolutionConfigurationPlatforms) = preSolution
		Debug|Any CPU = Debug|Any CPU
		Release|Any CPU = Release|Any CPU
	EndGlobalSection
	GlobalSection(ProjectConfigurationPlatforms) = postSolution
		{0CD02B65-E1E2-42F2-86B9-A0C055D9CAE7}.Debug|Any CPU.ActiveCfg = Debug|Any CPU
		{0CD02B65-E1E2-42F2-86B9-A0C055D9CAE7}.Debug|Any CPU.Build.0 = Debug|Any CPU
		{0CD02B65-E1E2-42F2-86B9-A0C055D9CAE7}.Release|Any CPU.ActiveCfg = Release|Any CPU
		{0CD02B65-E1E2-42F2-86B9-A0C055D9CAE7}.Release|Any CPU.Build.0 = Release|Any CPU
		{645B6242-8CC9-472E-8361-DDEC1A57803B}.Debug|Any CPU.ActiveCfg = Debug|Any CPU
		{645B6242-8CC9-472E-8361-DDEC1A57803B}.Debug|Any CPU.Build.0 = Debug|Any CPU
		{645B6242-8CC9-472E-8361-DDEC1A57803B}.Release|Any CPU.ActiveCfg = Release|Any CPU
		{645B6242-8CC9-472E-8361-DDEC1A57803B}.Release|Any CPU.Build.0 = Release|Any CPU
		{A6F3D94C-6AE6-4EE5-AC8A-4D074E637FAB}.Debug|Any CPU.ActiveCfg = Debug|Any CPU
		{A6F3D94C-6AE6-4EE5-AC8A-4D074E637FAB}.Debug|Any CPU.Build.0 = Debug|Any CPU
		{A6F3D94C-6AE6-4EE5-AC8A-4D074E637FAB}.Release|Any CPU.ActiveCfg = Release|Any CPU
		{A6F3D94C-6AE6-4EE5-AC8A-4D074E637FAB}.Release|Any CPU.Build.0 = Release|Any CPU
		{17B40616-A79A-4CA6-A978-ACAB0EF8424C}.Debug|Any CPU.ActiveCfg = Debug|Any CPU
		{17B40616-A79A-4CA6-A978-ACAB0EF8424C}.Debug|Any CPU.Build.0 = Debug|Any CPU
		{17B40616-A79A-4CA6-A978-ACAB0EF8424C}.Release|Any CPU.ActiveCfg = Release|Any CPU
		{17B40616-A79A-4CA6-A978-ACAB0EF8424C}.Release|Any CPU.Build.0 = Release|Any CPU
		{8EC770B2-AF7F-47C9-A7BC-CCB88381560A}.Debug|Any CPU.ActiveCfg = Debug|Any CPU
		{8EC770B2-AF7F-47C9-A7BC-CCB88381560A}.Debug|Any CPU.Build.0 = Debug|Any CPU
		{8EC770B2-AF7F-47C9-A7BC-CCB88381560A}.Release|Any CPU.ActiveCfg = Release|Any CPU
		{8EC770B2-AF7F-47C9-A7BC-CCB88381560A}.Release|Any CPU.Build.0 = Release|Any CPU
		{5DB3A64B-EBDF-410D-B9E6-E92BED58A3D9}.Debug|Any CPU.ActiveCfg = Debug|Any CPU
		{5DB3A64B-EBDF-410D-B9E6-E92BED58A3D9}.Debug|Any CPU.Build.0 = Debug|Any CPU
		{5DB3A64B-EBDF-410D-B9E6-E92BED58A3D9}.Release|Any CPU.ActiveCfg = Release|Any CPU
		{5DB3A64B-EBDF-410D-B9E6-E92BED58A3D9}.Release|Any CPU.Build.0 = Release|Any CPU
	EndGlobalSection
	GlobalSection(NestedProjects) = preSolution
		{5DB3A64B-EBDF-410D-B9E6-E92BED58A3D9} = {38CCD572-D0C3-41CA-9F8C-B84235D9C11C}
        {0CD02B65-E1E2-42F2-86B9-A0C055D9CAE7} = {741C9FBB-8210-44A9-B51B-168DB23F03C8}
        {645B6242-8CC9-472E-8361-DDEC1A57803B} = {741C9FBB-8210-44A9-B51B-168DB23F03C8}
        {A6F3D94C-6AE6-4EE5-AC8A-4D074E637FAB} = {741C9FBB-8210-44A9-B51B-168DB23F03C8}
        {17B40616-A79A-4CA6-A978-ACAB0EF8424C} = {741C9FBB-8210-44A9-B51B-168DB23F03C8}
        {8EC770B2-AF7F-47C9-A7BC-CCB88381560A} = {741C9FBB-8210-44A9-B51B-168DB23F03C8}
	EndGlobalSection
EndGlobal
